
Microsoft Visual Studio Solution File, Format Version 12.00
# Visual Studio Version 17
VisualStudioVersion = 17.5.33414.496
MinimumVisualStudioVersion = 10.0.40219.1
Project("{FAE04EC0-301F-11D3-BF4B-00C04F79EFBC}") = "McumgrDotNet", "mcumgr-dotnet\McumgrDotNet.csproj", "{1003DE05-DEAF-4946-8352-1A775E268BFD}"
EndProject
Project("{FAE04EC0-301F-11D3-BF4B-00C04F79EFBC}") = "McumgrDotNetTest", "McumgrDotNetTest\McumgrDotNetTest.csproj", "{C9C27A23-B0E6-4E53-AE92-24774ED4ABA5}"
EndProject
Global
	GlobalSection(SolutionConfigurationPlatforms) = preSolution
		Debug|Any CPU = Debug|Any CPU
		Release|Any CPU = Release|Any CPU
	EndGlobalSection
	GlobalSection(ProjectConfigurationPlatforms) = postSolution
		{1003DE05-DEAF-4946-8352-1A775E268BFD}.Debug|Any CPU.ActiveCfg = Debug|Any CPU
		{1003DE05-DEAF-4946-8352-1A775E268BFD}.Debug|Any CPU.Build.0 = Debug|Any CPU
		{1003DE05-DEAF-4946-8352-1A775E268BFD}.Release|Any CPU.ActiveCfg = Release|Any CPU
		{1003DE05-DEAF-4946-8352-1A775E268BFD}.Release|Any CPU.Build.0 = Release|Any CPU
		{C9C27A23-B0E6-4E53-AE92-24774ED4ABA5}.Debug|Any CPU.ActiveCfg = Debug|Any CPU
		{C9C27A23-B0E6-4E53-AE92-24774ED4ABA5}.Debug|Any CPU.Build.0 = Debug|Any CPU
		{C9C27A23-B0E6-4E53-AE92-24774ED4ABA5}.Release|Any CPU.ActiveCfg = Release|Any CPU
		{C9C27A23-B0E6-4E53-AE92-24774ED4ABA5}.Release|Any CPU.Build.0 = Release|Any CPU
	EndGlobalSection
	GlobalSection(SolutionProperties) = preSolution
		HideSolutionNode = FALSE
	EndGlobalSection
	GlobalSection(ExtensibilityGlobals) = postSolution
		SolutionGuid = {5CF67EC0-C255-475D-87E4-04A5A8457315}
	EndGlobalSection
EndGlobal
